{
  "socketPath": "/tmp/mcp-Kk3zuh/mcp.sock",
  "scheme": "unix",
  "headers": {
    "Authorization": "Nonce 2b1db707-c62b-4e57-95f8-0ab89e7abf7c"
  },
  "pid": 5259,
  "ideName": "Visual Studio Code",
  "timestamp": 1780754036656,
  "workspaceFolders": [
    "/teamspace/studios/this_studio"
  ],
  "isTrusted": true
}