{
  "socketPath": "/tmp/mcp-ponkQA/mcp.sock",
  "scheme": "unix",
  "headers": {
    "Authorization": "Nonce 4231d7bd-7341-4a79-9261-f9ab0a727101"
  },
  "pid": 4392,
  "ideName": "Visual Studio Code",
  "timestamp": 1780521210360,
  "workspaceFolders": [
    "/teamspace/studios/this_studio"
  ],
  "isTrusted": true
}