{
  "socketPath": "/tmp/mcp-1OHyHx/mcp.sock",
  "scheme": "unix",
  "headers": {
    "Authorization": "Nonce 3a7becaf-7930-44bb-babe-d46fbe6ef9d0"
  },
  "pid": 5568,
  "ideName": "Visual Studio Code",
  "timestamp": 1780500525745,
  "workspaceFolders": [
    "/teamspace/studios/this_studio"
  ],
  "isTrusted": true
}