{
  "socketPath": "/tmp/mcp-WIglVZ/mcp.sock",
  "scheme": "unix",
  "headers": {
    "Authorization": "Nonce 32ca2e95-5932-415f-b710-da9be798526a"
  },
  "pid": 15870,
  "ideName": "Visual Studio Code",
  "timestamp": 1780828847087,
  "workspaceFolders": [
    "/teamspace/studios/this_studio"
  ],
  "isTrusted": true
}