{
  "socketPath": "/tmp/mcp-KfLh4S/mcp.sock",
  "scheme": "unix",
  "headers": {
    "Authorization": "Nonce eca07a58-e81a-4311-bf6d-580359dea717"
  },
  "pid": 4382,
  "ideName": "Visual Studio Code",
  "timestamp": 1781684426996,
  "workspaceFolders": [
    "/teamspace/studios/this_studio"
  ],
  "isTrusted": true
}